
Microsoft Visual Studio Solution File, Format Version 12.00
# Visual Studio Version 17
VisualStudioVersion = 17.6.33801.468
MinimumVisualStudioVersion = 10.0.40219.1
Project("{54A90642-561A-4BB1-A94E-469ADEE60C69}") = "CapstoneNodeJS", "CapstoneNodeJS.esproj", "{52E6351C-880A-42C0-9A21-7ED4516792CF}"
EndProject
Global
	GlobalSection(SolutionConfigurationPlatforms) = preSolution
		Debug|Any CPU = Debug|Any CPU
		Release|Any CPU = Release|Any CPU
	EndGlobalSection
	GlobalSection(ProjectConfigurationPlatforms) = postSolution
		{52E6351C-880A-42C0-9A21-7ED4516792CF}.Debug|Any CPU.ActiveCfg = Debug|Any CPU
		{52E6351C-880A-42C0-9A21-7ED4516792CF}.Debug|Any CPU.Build.0 = Debug|Any CPU
		{52E6351C-880A-42C0-9A21-7ED4516792CF}.Debug|Any CPU.Deploy.0 = Debug|Any CPU
		{52E6351C-880A-42C0-9A21-7ED4516792CF}.Release|Any CPU.ActiveCfg = Release|Any CPU
		{52E6351C-880A-42C0-9A21-7ED4516792CF}.Release|Any CPU.Build.0 = Release|Any CPU
		{52E6351C-880A-42C0-9A21-7ED4516792CF}.Release|Any CPU.Deploy.0 = Release|Any CPU
	EndGlobalSection
	GlobalSection(SolutionProperties) = preSolution
		HideSolutionNode = FALSE
	EndGlobalSection
	GlobalSection(ExtensibilityGlobals) = postSolution
		SolutionGuid = {75730B4E-442B-4E4A-97C3-7874B25097D0}
	EndGlobalSection
EndGlobal
